// !$*UTF8*$!
{
	archiveVersion = 1;
	classes = {
	};
	objectVersion = 56;
	objects = {

/* Begin PBXBuildFile section */
		219D7D542AA6F85B0062A38F /* Color.swift in Sources */ = {isa = PBXBuildFile; fileRef = 219D7D532AA6F85B0062A38F /* Color.swift */; };
		219D7D562AA6F8630062A38F /* Font.swift in Sources */ = {isa = PBXBuildFile; fileRef = 219D7D552AA6F8630062A38F /* Font.swift */; };
		219D7D582AA6F86D0062A38F /* Model.swift in Sources */ = {isa = PBXBuildFile; fileRef = 219D7D572AA6F86D0062A38F /* Model.swift */; };
		219D7D5A2AA6F8760062A38F /* Service.swift in Sources */ = {isa = PBXBuildFile; fileRef = 219D7D592AA6F8760062A38F /* Service.swift */; };
		21D83E542AA6ADD2006C5021 /* ShoesSampleData.swift in Sources */ = {isa = PBXBuildFile; fileRef = 21D83E532AA6ADD2006C5021 /* ShoesSampleData.swift */; };
		9617AEB72AA5AECC009FB78A /* NikeShoesApp.swift in Sources */ = {isa = PBXBuildFile; fileRef = 9617AEB62AA5AECC009FB78A /* NikeShoesApp.swift */; };
		9617AEB92AA5AECD009FB78A /* ContentView.swift in Sources */ = {isa = PBXBuildFile; fileRef = 9617AEB82AA5AECD009FB78A /* ContentView.swift */; };
		9617AEBB2AA5AED0009FB78A /* Assets.xcassets in Resources */ = {isa = PBXBuildFile; fileRef = 9617AEBA2AA5AED0009FB78A /* Assets.xcassets */; };
		9617AEBE2AA5AED0009FB78A /* Preview Assets.xcassets in Resources */ = {isa = PBXBuildFile; fileRef = 9617AEBD2AA5AED0009FB78A /* Preview Assets.xcassets */; };
		9617AEE32AA5AF97009FB78A /* NikeShoesCore in Frameworks */ = {isa = PBXBuildFile; productRef = 9617AEE22AA5AF97009FB78A /* NikeShoesCore */; };
		9617AEF72AA5B816009FB78A /* HomeView.swift in Sources */ = {isa = PBXBuildFile; fileRef = 9617AEE82AA5B816009FB78A /* HomeView.swift */; };
		9617AEF82AA5B816009FB78A /* WishView.swift in Sources */ = {isa = PBXBuildFile; fileRef = 9617AEEA2AA5B816009FB78A /* WishView.swift */; };
		9617AEF92AA5B816009FB78A /* ShopView.swift in Sources */ = {isa = PBXBuildFile; fileRef = 9617AEEE2AA5B816009FB78A /* ShopView.swift */; };
		9617AEFA2AA5B816009FB78A /* GenderTabView.swift in Sources */ = {isa = PBXBuildFile; fileRef = 9617AEEF2AA5B816009FB78A /* GenderTabView.swift */; };
		9617AEFB2AA5B816009FB78A /* ProfileView.swift in Sources */ = {isa = PBXBuildFile; fileRef = 9617AEF22AA5B816009FB78A /* ProfileView.swift */; };
		9617AEFC2AA5B816009FB78A /* MainTabView.swift in Sources */ = {isa = PBXBuildFile; fileRef = 9617AEF42AA5B816009FB78A /* MainTabView.swift */; };
		9617AEFD2AA5B816009FB78A /* BagView.swift in Sources */ = {isa = PBXBuildFile; fileRef = 9617AEF62AA5B816009FB78A /* BagView.swift */; };
		9ED15DFB2AA6E9120015B48C /* ProductDetailView.swift in Sources */ = {isa = PBXBuildFile; fileRef = 9ED15DFA2AA6E9120015B48C /* ProductDetailView.swift */; };
		A04B53232AA6B9E300ED4AC1 /* AppBestCollectionView.swift in Sources */ = {isa = PBXBuildFile; fileRef = A04B53222AA6B9E300ED4AC1 /* AppBestCollectionView.swift */; };
/* End PBXBuildFile section */

/* Begin PBXFileReference section */
		21D83E532AA6ADD2006C5021 /* ShoesSampleData.swift */ = {isa = PBXFileReference; lastKnownFileType = sourcecode.swift; path = ShoesSampleData.swift; sourceTree = "<group>"; };
		1D1CA3652AA6BBAF009BCCB5 /* Info.plist */ = {isa = PBXFileReference; lastKnownFileType = text.plist; path = Info.plist; sourceTree = "<group>"; };
		219D7D532AA6F85B0062A38F /* Color.swift */ = {isa = PBXFileReference; lastKnownFileType = sourcecode.swift; path = Color.swift; sourceTree = "<group>"; };
		219D7D552AA6F8630062A38F /* Font.swift */ = {isa = PBXFileReference; lastKnownFileType = sourcecode.swift; path = Font.swift; sourceTree = "<group>"; };
		219D7D572AA6F86D0062A38F /* Model.swift */ = {isa = PBXFileReference; lastKnownFileType = sourcecode.swift; path = Model.swift; sourceTree = "<group>"; };
		219D7D592AA6F8760062A38F /* Service.swift */ = {isa = PBXFileReference; lastKnownFileType = sourcecode.swift; path = Service.swift; sourceTree = "<group>"; };
		9617AEB32AA5AECC009FB78A /* NikeShoes.app */ = {isa = PBXFileReference; explicitFileType = wrapper.application; includeInIndex = 0; path = NikeShoes.app; sourceTree = BUILT_PRODUCTS_DIR; };
		9617AEB62AA5AECC009FB78A /* NikeShoesApp.swift */ = {isa = PBXFileReference; lastKnownFileType = sourcecode.swift; path = NikeShoesApp.swift; sourceTree = "<group>"; };
		9617AEB82AA5AECD009FB78A /* ContentView.swift */ = {isa = PBXFileReference; lastKnownFileType = sourcecode.swift; path = ContentView.swift; sourceTree = "<group>"; };
		9617AEBA2AA5AED0009FB78A /* Assets.xcassets */ = {isa = PBXFileReference; lastKnownFileType = folder.assetcatalog; path = Assets.xcassets; sourceTree = "<group>"; };
		9617AEBD2AA5AED0009FB78A /* Preview Assets.xcassets */ = {isa = PBXFileReference; lastKnownFileType = folder.assetcatalog; path = "Preview Assets.xcassets"; sourceTree = "<group>"; };
		9617AEE82AA5B816009FB78A /* HomeView.swift */ = {isa = PBXFileReference; fileEncoding = 4; lastKnownFileType = sourcecode.swift; path = HomeView.swift; sourceTree = "<group>"; };
		9617AEEA2AA5B816009FB78A /* WishView.swift */ = {isa = PBXFileReference; fileEncoding = 4; lastKnownFileType = sourcecode.swift; path = WishView.swift; sourceTree = "<group>"; };
		9617AEEE2AA5B816009FB78A /* ShopView.swift */ = {isa = PBXFileReference; fileEncoding = 4; lastKnownFileType = sourcecode.swift; path = ShopView.swift; sourceTree = "<group>"; };
		9617AEEF2AA5B816009FB78A /* GenderTabView.swift */ = {isa = PBXFileReference; fileEncoding = 4; lastKnownFileType = sourcecode.swift; path = GenderTabView.swift; sourceTree = "<group>"; };
		9617AEF22AA5B816009FB78A /* ProfileView.swift */ = {isa = PBXFileReference; fileEncoding = 4; lastKnownFileType = sourcecode.swift; path = ProfileView.swift; sourceTree = "<group>"; };
		9617AEF42AA5B816009FB78A /* MainTabView.swift */ = {isa = PBXFileReference; fileEncoding = 4; lastKnownFileType = sourcecode.swift; path = MainTabView.swift; sourceTree = "<group>"; };
		9617AEF62AA5B816009FB78A /* BagView.swift */ = {isa = PBXFileReference; fileEncoding = 4; lastKnownFileType = sourcecode.swift; path = BagView.swift; sourceTree = "<group>"; };
		9ED15DFA2AA6E9120015B48C /* ProductDetailView.swift */ = {isa = PBXFileReference; lastKnownFileType = sourcecode.swift; path = ProductDetailView.swift; sourceTree = "<group>"; };
		A04B53222AA6B9E300ED4AC1 /* AppBestCollectionView.swift */ = {isa = PBXFileReference; lastKnownFileType = sourcecode.swift; path = AppBestCollectionView.swift; sourceTree = "<group>"; };
/* End PBXFileReference section */

/* Begin PBXFrameworksBuildPhase section */
		9617AEB02AA5AECC009FB78A /* Frameworks */ = {
			isa = PBXFrameworksBuildPhase;
			buildActionMask = 2147483647;
			files = (
				9617AEE32AA5AF97009FB78A /* NikeShoesCore in Frameworks */,
			);
			runOnlyForDeploymentPostprocessing = 0;
		};
/* End PBXFrameworksBuildPhase section */

/* Begin PBXGroup section */
		219D7D502AA6F7EC0062A38F /* Extensions */ = {
			isa = PBXGroup;
			children = (
				219D7D552AA6F8630062A38F /* Font.swift */,
				219D7D532AA6F85B0062A38F /* Color.swift */,
			);
			path = Extensions;
			sourceTree = "<group>";
		};
		219D7D512AA6F7F80062A38F /* Model */ = {
			isa = PBXGroup;
			children = (
				219D7D572AA6F86D0062A38F /* Model.swift */,
			);
			path = Model;
			sourceTree = "<group>";
		};
		219D7D522AA6F83F0062A38F /* Service */ = {
			isa = PBXGroup;
			children = (
				219D7D592AA6F8760062A38F /* Service.swift */,
			);
			path = Service;
			sourceTree = "<group>";
		};
		9617AEAA2AA5AECC009FB78A = {
			isa = PBXGroup;
			children = (
				9617AEB52AA5AECC009FB78A /* NikeShoes */,
				9617AEB42AA5AECC009FB78A /* Products */,
				9617AEE12AA5AF97009FB78A /* Frameworks */,
			);
			sourceTree = "<group>";
		};
		9617AEB42AA5AECC009FB78A /* Products */ = {
			isa = PBXGroup;
			children = (
				9617AEB32AA5AECC009FB78A /* NikeShoes.app */,
			);
			name = Products;
			sourceTree = "<group>";
		};
		9617AEB52AA5AECC009FB78A /* NikeShoes */ = {
			isa = PBXGroup;
			children = (
				1D1CA3652AA6BBAF009BCCB5 /* Info.plist */,
				219D7D502AA6F7EC0062A38F /* Extensions */,
				219D7D512AA6F7F80062A38F /* Model */,
				9617AEE62AA5B816009FB78A /* Core */,
				219D7D522AA6F83F0062A38F /* Service */,
				9617AEB62AA5AECC009FB78A /* NikeShoesApp.swift */,
				9617AEB82AA5AECD009FB78A /* ContentView.swift */,
				9617AEBA2AA5AED0009FB78A /* Assets.xcassets */,
				9617AEBC2AA5AED0009FB78A /* Preview Content */,
			);
			path = NikeShoes;
			sourceTree = "<group>";
		};
		9617AEBC2AA5AED0009FB78A /* Preview Content */ = {
			isa = PBXGroup;
			children = (
				9617AEBD2AA5AED0009FB78A /* Preview Assets.xcassets */,
			);
			path = "Preview Content";
			sourceTree = "<group>";
		};
		9617AEE12AA5AF97009FB78A /* Frameworks */ = {
			isa = PBXGroup;
			children = (
			);
			name = Frameworks;
			sourceTree = "<group>";
		};
		9617AEE62AA5B816009FB78A /* Core */ = {
			isa = PBXGroup;
			children = (
				9617AEF02AA5B816009FB78A /* Components */,
				9617AEF32AA5B816009FB78A /* MainTab */,
				9617AEE72AA5B816009FB78A /* Home */,
				9617AEEB2AA5B816009FB78A /* Shop */,
				9617AEE92AA5B816009FB78A /* Wish */,
				9617AEF52AA5B816009FB78A /* Bag */,
				9617AEF12AA5B816009FB78A /* Profile */,
			);
			path = Core;
			sourceTree = "<group>";
		};
		9617AEE72AA5B816009FB78A /* Home */ = {
			isa = PBXGroup;
			children = (
				9617AEE82AA5B816009FB78A /* HomeView.swift */,
			);
			path = Home;
			sourceTree = "<group>";
		};
		9617AEE92AA5B816009FB78A /* Wish */ = {
			isa = PBXGroup;
			children = (
				9617AEEA2AA5B816009FB78A /* WishView.swift */,
			);
			path = Wish;
			sourceTree = "<group>";
		};
		9617AEEB2AA5B816009FB78A /* Shop */ = {
			isa = PBXGroup;
			children = (
				9617AEEC2AA5B816009FB78A /* ViewModel */,
				9617AEED2AA5B816009FB78A /* View */,
			);
			path = Shop;
			sourceTree = "<group>";
		};
		9617AEEC2AA5B816009FB78A /* ViewModel */ = {
			isa = PBXGroup;
			children = (
				21D83E532AA6ADD2006C5021 /* ShoesSampleData.swift */,
			);
			path = ViewModel;
			sourceTree = "<group>";
		};
		9617AEED2AA5B816009FB78A /* View */ = {
			isa = PBXGroup;
			children = (
				9617AEEE2AA5B816009FB78A /* ShopView.swift */,
				9617AEEF2AA5B816009FB78A /* GenderTabView.swift */,
				A04B53222AA6B9E300ED4AC1 /* AppBestCollectionView.swift */,
				9ED15DFA2AA6E9120015B48C /* ProductDetailView.swift */,
			);
			path = View;
			sourceTree = "<group>";
		};
		9617AEF02AA5B816009FB78A /* Components */ = {
			isa = PBXGroup;
			children = (
			);
			path = Components;
			sourceTree = "<group>";
		};
		9617AEF12AA5B816009FB78A /* Profile */ = {
			isa = PBXGroup;
			children = (
				9617AEF22AA5B816009FB78A /* ProfileView.swift */,
			);
			path = Profile;
			sourceTree = "<group>";
		};
		9617AEF32AA5B816009FB78A /* MainTab */ = {
			isa = PBXGroup;
			children = (
				9617AEF42AA5B816009FB78A /* MainTabView.swift */,
			);
			path = MainTab;
			sourceTree = "<group>";
		};
		9617AEF52AA5B816009FB78A /* Bag */ = {
			isa = PBXGroup;
			children = (
				9617AEF62AA5B816009FB78A /* BagView.swift */,
			);
			path = Bag;
			sourceTree = "<group>";
		};
/* End PBXGroup section */

/* Begin PBXNativeTarget section */
		9617AEB22AA5AECC009FB78A /* NikeShoes */ = {
			isa = PBXNativeTarget;
			buildConfigurationList = 9617AEC12AA5AED0009FB78A /* Build configuration list for PBXNativeTarget "NikeShoes" */;
			buildPhases = (
				9617AEAF2AA5AECC009FB78A /* Sources */,
				9617AEB02AA5AECC009FB78A /* Frameworks */,
				9617AEB12AA5AECC009FB78A /* Resources */,
			);
			buildRules = (
			);
			dependencies = (
			);
			name = NikeShoes;
			packageProductDependencies = (
				9617AEE22AA5AF97009FB78A /* NikeShoesCore */,
			);
			productName = NikeShoes;
			productReference = 9617AEB32AA5AECC009FB78A /* NikeShoes.app */;
			productType = "com.apple.product-type.application";
		};
/* End PBXNativeTarget section */

/* Begin PBXProject section */
		9617AEAB2AA5AECC009FB78A /* Project object */ = {
			isa = PBXProject;
			attributes = {
				BuildIndependentTargetsInParallel = 1;
				LastSwiftUpdateCheck = 1430;
				LastUpgradeCheck = 1430;
				TargetAttributes = {
					9617AEB22AA5AECC009FB78A = {
						CreatedOnToolsVersion = 14.3.1;
					};
				};
			};
			buildConfigurationList = 9617AEAE2AA5AECC009FB78A /* Build configuration list for PBXProject "NikeShoes" */;
			compatibilityVersion = "Xcode 14.0";
			developmentRegion = en;
			hasScannedForEncodings = 0;
			knownRegions = (
				en,
				Base,
			);
			mainGroup = 9617AEAA2AA5AECC009FB78A;
			productRefGroup = 9617AEB42AA5AECC009FB78A /* Products */;
			projectDirPath = "";
			projectRoot = "";
			targets = (
				9617AEB22AA5AECC009FB78A /* NikeShoes */,
			);
		};
/* End PBXProject section */

/* Begin PBXResourcesBuildPhase section */
		9617AEB12AA5AECC009FB78A /* Resources */ = {
			isa = PBXResourcesBuildPhase;
			buildActionMask = 2147483647;
			files = (
				9617AEBE2AA5AED0009FB78A /* Preview Assets.xcassets in Resources */,
				9617AEBB2AA5AED0009FB78A /* Assets.xcassets in Resources */,
			);
			runOnlyForDeploymentPostprocessing = 0;
		};
/* End PBXResourcesBuildPhase section */

/* Begin PBXSourcesBuildPhase section */
		9617AEAF2AA5AECC009FB78A /* Sources */ = {
			isa = PBXSourcesBuildPhase;
			buildActionMask = 2147483647;
			files = (
				9617AEF82AA5B816009FB78A /* WishView.swift in Sources */,
				219D7D5A2AA6F8760062A38F /* Service.swift in Sources */,
				219D7D562AA6F8630062A38F /* Font.swift in Sources */,
				9617AEF72AA5B816009FB78A /* HomeView.swift in Sources */,
				A04B53232AA6B9E300ED4AC1 /* AppBestCollectionView.swift in Sources */,
				219D7D582AA6F86D0062A38F /* Model.swift in Sources */,
				9617AEFD2AA5B816009FB78A /* BagView.swift in Sources */,
				21D83E542AA6ADD2006C5021 /* ShoesSampleData.swift in Sources */,
				9ED15DFB2AA6E9120015B48C /* ProductDetailView.swift in Sources */,
				219D7D542AA6F85B0062A38F /* Color.swift in Sources */,
				9617AEB92AA5AECD009FB78A /* ContentView.swift in Sources */,
				9617AEFC2AA5B816009FB78A /* MainTabView.swift in Sources */,
				9617AEF92AA5B816009FB78A /* ShopView.swift in Sources */,
				9617AEB72AA5AECC009FB78A /* NikeShoesApp.swift in Sources */,
				9617AEFB2AA5B816009FB78A /* ProfileView.swift in Sources */,
				9617AEFA2AA5B816009FB78A /* GenderTabView.swift in Sources */,
			);
			runOnlyForDeploymentPostprocessing = 0;
		};
/* End PBXSourcesBuildPhase section */

/* Begin XCBuildConfiguration section */
		9617AEBF2AA5AED0009FB78A /* Debug */ = {
			isa = XCBuildConfiguration;
			buildSettings = {
				ALWAYS_SEARCH_USER_PATHS = NO;
				CLANG_ANALYZER_NONNULL = YES;
				CLANG_ANALYZER_NUMBER_OBJECT_CONVERSION = YES_AGGRESSIVE;
				CLANG_CXX_LANGUAGE_STANDARD = "gnu++20";
				CLANG_ENABLE_MODULES = YES;
				CLANG_ENABLE_OBJC_ARC = YES;
				CLANG_ENABLE_OBJC_WEAK = YES;
				CLANG_WARN_BLOCK_CAPTURE_AUTORELEASING = YES;
				CLANG_WARN_BOOL_CONVERSION = YES;
				CLANG_WARN_COMMA = YES;
				CLANG_WARN_CONSTANT_CONVERSION = YES;
				CLANG_WARN_DEPRECATED_OBJC_IMPLEMENTATIONS = YES;
				CLANG_WARN_DIRECT_OBJC_ISA_USAGE = YES_ERROR;
				CLANG_WARN_DOCUMENTATION_COMMENTS = YES;
				CLANG_WARN_EMPTY_BODY = YES;
				CLANG_WARN_ENUM_CONVERSION = YES;
				CLANG_WARN_INFINITE_RECURSION = YES;
				CLANG_WARN_INT_CONVERSION = YES;
				CLANG_WARN_NON_LITERAL_NULL_CONVERSION = YES;
				CLANG_WARN_OBJC_IMPLICIT_RETAIN_SELF = YES;
				CLANG_WARN_OBJC_LITERAL_CONVERSION = YES;
				CLANG_WARN_OBJC_ROOT_CLASS = YES_ERROR;
				CLANG_WARN_QUOTED_INCLUDE_IN_FRAMEWORK_HEADER = YES;
				CLANG_WARN_RANGE_LOOP_ANALYSIS = YES;
				CLANG_WARN_STRICT_PROTOTYPES = YES;
				CLANG_WARN_SUSPICIOUS_MOVE = YES;
				CLANG_WARN_UNGUARDED_AVAILABILITY = YES_AGGRESSIVE;
				CLANG_WARN_UNREACHABLE_CODE = YES;
				CLANG_WARN__DUPLICATE_METHOD_MATCH = YES;
				COPY_PHASE_STRIP = NO;
				DEBUG_INFORMATION_FORMAT = dwarf;
				ENABLE_STRICT_OBJC_MSGSEND = YES;
				ENABLE_TESTABILITY = YES;
				GCC_C_LANGUAGE_STANDARD = gnu11;
				GCC_DYNAMIC_NO_PIC = NO;
				GCC_NO_COMMON_BLOCKS = YES;
				GCC_OPTIMIZATION_LEVEL = 0;
				GCC_PREPROCESSOR_DEFINITIONS = (
					"DEBUG=1",
					"$(inherited)",
				);
				GCC_WARN_64_TO_32_BIT_CONVERSION = YES;
				GCC_WARN_ABOUT_RETURN_TYPE = YES_ERROR;
				GCC_WARN_UNDECLARED_SELECTOR = YES;
				GCC_WARN_UNINITIALIZED_AUTOS = YES_AGGRESSIVE;
				GCC_WARN_UNUSED_FUNCTION = YES;
				GCC_WARN_UNUSED_VARIABLE = YES;
				IPHONEOS_DEPLOYMENT_TARGET = 16.4;
				MTL_ENABLE_DEBUG_INFO = INCLUDE_SOURCE;
				MTL_FAST_MATH = YES;
				ONLY_ACTIVE_ARCH = YES;
				SDKROOT = iphoneos;
				SWIFT_ACTIVE_COMPILATION_CONDITIONS = DEBUG;
				SWIFT_OPTIMIZATION_LEVEL = "-Onone";
			};
			name = Debug;
		};
		9617AEC02AA5AED0009FB78A /* Release */ = {
			isa = XCBuildConfiguration;
			buildSettings = {
				ALWAYS_SEARCH_USER_PATHS = NO;
				CLANG_ANALYZER_NONNULL = YES;
				CLANG_ANALYZER_NUMBER_OBJECT_CONVERSION = YES_AGGRESSIVE;
				CLANG_CXX_LANGUAGE_STANDARD = "gnu++20";
				CLANG_ENABLE_MODULES = YES;
				CLANG_ENABLE_OBJC_ARC = YES;
				CLANG_ENABLE_OBJC_WEAK = YES;
				CLANG_WARN_BLOCK_CAPTURE_AUTORELEASING = YES;
				CLANG_WARN_BOOL_CONVERSION = YES;
				CLANG_WARN_COMMA = YES;
				CLANG_WARN_CONSTANT_CONVERSION = YES;
				CLANG_WARN_DEPRECATED_OBJC_IMPLEMENTATIONS = YES;
				CLANG_WARN_DIRECT_OBJC_ISA_USAGE = YES_ERROR;
				CLANG_WARN_DOCUMENTATION_COMMENTS = YES;
				CLANG_WARN_EMPTY_BODY = YES;
				CLANG_WARN_ENUM_CONVERSION = YES;
				CLANG_WARN_INFINITE_RECURSION = YES;
				CLANG_WARN_INT_CONVERSION = YES;
				CLANG_WARN_NON_LITERAL_NULL_CONVERSION = YES;
				CLANG_WARN_OBJC_IMPLICIT_RETAIN_SELF = YES;
				CLANG_WARN_OBJC_LITERAL_CONVERSION = YES;
				CLANG_WARN_OBJC_ROOT_CLASS = YES_ERROR;
				CLANG_WARN_QUOTED_INCLUDE_IN_FRAMEWORK_HEADER = YES;
				CLANG_WARN_RANGE_LOOP_ANALYSIS = YES;
				CLANG_WARN_STRICT_PROTOTYPES = YES;
				CLANG_WARN_SUSPICIOUS_MOVE = YES;
				CLANG_WARN_UNGUARDED_AVAILABILITY = YES_AGGRESSIVE;
				CLANG_WARN_UNREACHABLE_CODE = YES;
				CLANG_WARN__DUPLICATE_METHOD_MATCH = YES;
				COPY_PHASE_STRIP = NO;
				DEBUG_INFORMATION_FORMAT = "dwarf-with-dsym";
				ENABLE_NS_ASSERTIONS = NO;
				ENABLE_STRICT_OBJC_MSGSEND = YES;
				GCC_C_LANGUAGE_STANDARD = gnu11;
				GCC_NO_COMMON_BLOCKS = YES;
				GCC_WARN_64_TO_32_BIT_CONVERSION = YES;
				GCC_WARN_ABOUT_RETURN_TYPE = YES_ERROR;
				GCC_WARN_UNDECLARED_SELECTOR = YES;
				GCC_WARN_UNINITIALIZED_AUTOS = YES_AGGRESSIVE;
				GCC_WARN_UNUSED_FUNCTION = YES;
				GCC_WARN_UNUSED_VARIABLE = YES;
				IPHONEOS_DEPLOYMENT_TARGET = 16.4;
				MTL_ENABLE_DEBUG_INFO = NO;
				MTL_FAST_MATH = YES;
				SDKROOT = iphoneos;
				SWIFT_COMPILATION_MODE = wholemodule;
				SWIFT_OPTIMIZATION_LEVEL = "-O";
				VALIDATE_PRODUCT = YES;
			};
			name = Release;
		};
		9617AEC22AA5AED0009FB78A /* Debug */ = {
			isa = XCBuildConfiguration;
			buildSettings = {
				ASSETCATALOG_COMPILER_APPICON_NAME = AppIcon;
				ASSETCATALOG_COMPILER_GLOBAL_ACCENT_COLOR_NAME = AccentColor;
				CODE_SIGN_STYLE = Automatic;
				CURRENT_PROJECT_VERSION = 1;
				DEVELOPMENT_ASSET_PATHS = "\"NikeShoes/Preview Content\"";
				DEVELOPMENT_TEAM = U432N7N8Z2;
				ENABLE_PREVIEWS = YES;
				GENERATE_INFOPLIST_FILE = YES;
				INFOPLIST_FILE = NikeShoes/Info.plist;
				INFOPLIST_KEY_UIApplicationSceneManifest_Generation = YES;
				INFOPLIST_KEY_UIApplicationSupportsIndirectInputEvents = YES;
				INFOPLIST_KEY_UILaunchScreen_Generation = YES;
				INFOPLIST_KEY_UISupportedInterfaceOrientations_iPad = "UIInterfaceOrientationPortrait UIInterfaceOrientationPortraitUpsideDown UIInterfaceOrientationLandscapeLeft UIInterfaceOrientationLandscapeRight";
				INFOPLIST_KEY_UISupportedInterfaceOrientations_iPhone = "UIInterfaceOrientationPortrait UIInterfaceOrientationLandscapeLeft UIInterfaceOrientationLandscapeRight";
				LD_RUNPATH_SEARCH_PATHS = (
					"$(inherited)",
					"@executable_path/Frameworks",
				);
				MARKETING_VERSION = 1.0;
				PRODUCT_BUNDLE_IDENTIFIER = net.ahshotchoo.NikeShoes;
				PRODUCT_NAME = "$(TARGET_NAME)";
				SWIFT_EMIT_LOC_STRINGS = YES;
				SWIFT_VERSION = 5.0;
				TARGETED_DEVICE_FAMILY = "1,2";
			};
			name = Debug;
		};
		9617AEC32AA5AED0009FB78A /* Release */ = {
			isa = XCBuildConfiguration;
			buildSettings = {
				ASSETCATALOG_COMPILER_APPICON_NAME = AppIcon;
				ASSETCATALOG_COMPILER_GLOBAL_ACCENT_COLOR_NAME = AccentColor;
				CODE_SIGN_STYLE = Automatic;
				CURRENT_PROJECT_VERSION = 1;
				DEVELOPMENT_ASSET_PATHS = "\"NikeShoes/Preview Content\"";
				DEVELOPMENT_TEAM = U432N7N8Z2;
				ENABLE_PREVIEWS = YES;
				GENERATE_INFOPLIST_FILE = YES;
				INFOPLIST_FILE = NikeShoes/Info.plist;
				INFOPLIST_KEY_UIApplicationSceneManifest_Generation = YES;
				INFOPLIST_KEY_UIApplicationSupportsIndirectInputEvents = YES;
				INFOPLIST_KEY_UILaunchScreen_Generation = YES;
				INFOPLIST_KEY_UISupportedInterfaceOrientations_iPad = "UIInterfaceOrientationPortrait UIInterfaceOrientationPortraitUpsideDown UIInterfaceOrientationLandscapeLeft UIInterfaceOrientationLandscapeRight";
				INFOPLIST_KEY_UISupportedInterfaceOrientations_iPhone = "UIInterfaceOrientationPortrait UIInterfaceOrientationLandscapeLeft UIInterfaceOrientationLandscapeRight";
				LD_RUNPATH_SEARCH_PATHS = (
					"$(inherited)",
					"@executable_path/Frameworks",
				);
				MARKETING_VERSION = 1.0;
				PRODUCT_BUNDLE_IDENTIFIER = net.ahshotchoo.NikeShoes;
				PRODUCT_NAME = "$(TARGET_NAME)";
				SWIFT_EMIT_LOC_STRINGS = YES;
				SWIFT_VERSION = 5.0;
				TARGETED_DEVICE_FAMILY = "1,2";
			};
			name = Release;
		};
/* End XCBuildConfiguration section */

/* Begin XCConfigurationList section */
		9617AEAE2AA5AECC009FB78A /* Build configuration list for PBXProject "NikeShoes" */ = {
			isa = XCConfigurationList;
			buildConfigurations = (
				9617AEBF2AA5AED0009FB78A /* Debug */,
				9617AEC02AA5AED0009FB78A /* Release */,
			);
			defaultConfigurationIsVisible = 0;
			defaultConfigurationName = Release;
		};
		9617AEC12AA5AED0009FB78A /* Build configuration list for PBXNativeTarget "NikeShoes" */ = {
			isa = XCConfigurationList;
			buildConfigurations = (
				9617AEC22AA5AED0009FB78A /* Debug */,
				9617AEC32AA5AED0009FB78A /* Release */,
			);
			defaultConfigurationIsVisible = 0;
			defaultConfigurationName = Release;
		};
/* End XCConfigurationList section */

/* Begin XCSwiftPackageProductDependency section */
		9617AEE22AA5AF97009FB78A /* NikeShoesCore */ = {
			isa = XCSwiftPackageProductDependency;
			productName = NikeShoesCore;
		};
/* End XCSwiftPackageProductDependency section */
	};
	rootObject = 9617AEAB2AA5AECC009FB78A /* Project object */;
}
